
Microsoft Visual Studio Solution File, Format Version 12.00
# Visual Studio Version 16
VisualStudioVersion = 16.0.31624.102
MinimumVisualStudioVersion = 10.0.40219.1
Project("{8BC9CEB8-8B4A-11D0-8D11-00A0C91BC942}") = "에코서", "에코서\에코서.vcxproj", "{8333F532-1F5F-4AF2-8FFB-7B152CE81D98}"
EndProject
Project("{8BC9CEB8-8B4A-11D0-8D11-00A0C91BC942}") = "클라이언트서버", "클라이언트서버\클라이언트서버.vcxproj", "{9EE31947-8405-4838-A314-8235D0AF70B7}"
EndProject
Global
	GlobalSection(SolutionConfigurationPlatforms) = preSolution
		Debug|x64 = Debug|x64
		Debug|x86 = Debug|x86
		Release|x64 = Release|x64
		Release|x86 = Release|x86
	EndGlobalSection
	GlobalSection(ProjectConfigurationPlatforms) = postSolution
		{8333F532-1F5F-4AF2-8FFB-7B152CE81D98}.Debug|x64.ActiveCfg = Debug|x64
		{8333F532-1F5F-4AF2-8FFB-7B152CE81D98}.Debug|x64.Build.0 = Debug|x64
		{8333F532-1F5F-4AF2-8FFB-7B152CE81D98}.Debug|x86.ActiveCfg = Debug|Win32
		{8333F532-1F5F-4AF2-8FFB-7B152CE81D98}.Debug|x86.Build.0 = Debug|Win32
		{8333F532-1F5F-4AF2-8FFB-7B152CE81D98}.Release|x64.ActiveCfg = Release|x64
		{8333F532-1F5F-4AF2-8FFB-7B152CE81D98}.Release|x64.Build.0 = Release|x64
		{8333F532-1F5F-4AF2-8FFB-7B152CE81D98}.Release|x86.ActiveCfg = Release|Win32
		{8333F532-1F5F-4AF2-8FFB-7B152CE81D98}.Release|x86.Build.0 = Release|Win32
		{9EE31947-8405-4838-A314-8235D0AF70B7}.Debug|x64.ActiveCfg = Debug|x64
		{9EE31947-8405-4838-A314-8235D0AF70B7}.Debug|x64.Build.0 = Debug|x64
		{9EE31947-8405-4838-A314-8235D0AF70B7}.Debug|x86.ActiveCfg = Debug|Win32
		{9EE31947-8405-4838-A314-8235D0AF70B7}.Debug|x86.Build.0 = Debug|Win32
		{9EE31947-8405-4838-A314-8235D0AF70B7}.Release|x64.ActiveCfg = Release|x64
		{9EE31947-8405-4838-A314-8235D0AF70B7}.Release|x64.Build.0 = Release|x64
		{9EE31947-8405-4838-A314-8235D0AF70B7}.Release|x86.ActiveCfg = Release|Win32
		{9EE31947-8405-4838-A314-8235D0AF70B7}.Release|x86.Build.0 = Release|Win32
	EndGlobalSection
	GlobalSection(SolutionProperties) = preSolution
		HideSolutionNode = FALSE
	EndGlobalSection
	GlobalSection(ExtensibilityGlobals) = postSolution
		SolutionGuid = {AA608056-616B-4865-B324-EA0C45159EB8}
	EndGlobalSection
EndGlobal
